
Microsoft Visual Studio Solution File, Format Version 12.00
# Visual Studio Version 16
VisualStudioVersion = 16.0.29911.84
MinimumVisualStudioVersion = 10.0.40219.1
Project("{FAE04EC0-301F-11D3-BF4B-00C04F79EFBC}") = "AuthWebApp", "AuthWebApp\AuthWebApp.csproj", "{C40E9A74-9A07-4961-B8D9-B432F75B63EE}"
EndProject
Global
	GlobalSection(SolutionConfigurationPlatforms) = preSolution
		Debug|Any CPU = Debug|Any CPU
		Release|Any CPU = Release|Any CPU
	EndGlobalSection
	GlobalSection(ProjectConfigurationPlatforms) = postSolution
		{C40E9A74-9A07-4961-B8D9-B432F75B63EE}.Debug|Any CPU.ActiveCfg = Debug|Any CPU
		{C40E9A74-9A07-4961-B8D9-B432F75B63EE}.Debug|Any CPU.Build.0 = Debug|Any CPU
		{C40E9A74-9A07-4961-B8D9-B432F75B63EE}.Release|Any CPU.ActiveCfg = Release|Any CPU
		{C40E9A74-9A07-4961-B8D9-B432F75B63EE}.Release|Any CPU.Build.0 = Release|Any CPU
	EndGlobalSection
	GlobalSection(SolutionProperties) = preSolution
		HideSolutionNode = FALSE
	EndGlobalSection
	GlobalSection(ExtensibilityGlobals) = postSolution
		SolutionGuid = {BCA4DE6B-2A1D-4373-A3CA-30756BF86E4C}
	EndGlobalSection
EndGlobal
